// !$*UTF8*$!
{
	archiveVersion = 1;
	classes = {
	};
	objectVersion = 50;
	objects = {

/* Begin PBXBuildFile section */
		162185F82378FCA3002BAC3C /* AppDelegate.swift in Sources */ = {isa = PBXBuildFile; fileRef = 162185F72378FCA3002BAC3C /* AppDelegate.swift */; };
		162185FA2378FCA3002BAC3C /* SceneDelegate.swift in Sources */ = {isa = PBXBuildFile; fileRef = 162185F92378FCA3002BAC3C /* SceneDelegate.swift */; };
		162185FC2378FCA3002BAC3C /* ViewController.swift in Sources */ = {isa = PBXBuildFile; fileRef = 162185FB2378FCA3002BAC3C /* ViewController.swift */; };
		162185FF2378FCA3002BAC3C /* Main.storyboard in Resources */ = {isa = PBXBuildFile; fileRef = 162185FD2378FCA3002BAC3C /* Main.storyboard */; };
		162186012378FCA4002BAC3C /* Assets.xcassets in Resources */ = {isa = PBXBuildFile; fileRef = 162186002378FCA4002BAC3C /* Assets.xcassets */; };
		162186042378FCA4002BAC3C /* LaunchScreen.storyboard in Resources */ = {isa = PBXBuildFile; fileRef = 162186022378FCA4002BAC3C /* LaunchScreen.storyboard */; };
		16F636F8237903E800C3347C /* DataViewController.swift in Sources */ = {isa = PBXBuildFile; fileRef = 16F636F7237903E800C3347C /* DataViewController.swift */; };
		16F636FA2379070F00C3347C /* PageViewController.swift in Sources */ = {isa = PBXBuildFile; fileRef = 16F636F92379070F00C3347C /* PageViewController.swift */; };
/* End PBXBuildFile section */

/* Begin PBXFileReference section */
		162185F42378FCA3002BAC3C /* paging.app */ = {isa = PBXFileReference; explicitFileType = wrapper.application; includeInIndex = 0; path = paging.app; sourceTree = BUILT_PRODUCTS_DIR; };
		162185F72378FCA3002BAC3C /* AppDelegate.swift */ = {isa = PBXFileReference; lastKnownFileType = sourcecode.swift; path = AppDelegate.swift; sourceTree = "<group>"; };
		162185F92378FCA3002BAC3C /* SceneDelegate.swift */ = {isa = PBXFileReference; lastKnownFileType = sourcecode.swift; path = SceneDelegate.swift; sourceTree = "<group>"; };
		162185FB2378FCA3002BAC3C /* ViewController.swift */ = {isa = PBXFileReference; lastKnownFileType = sourcecode.swift; path = ViewController.swift; sourceTree = "<group>"; };
		162185FE2378FCA3002BAC3C /* Base */ = {isa = PBXFileReference; lastKnownFileType = file.storyboard; name = Base; path = Base.lproj/Main.storyboard; sourceTree = "<group>"; };
		162186002378FCA4002BAC3C /* Assets.xcassets */ = {isa = PBXFileReference; lastKnownFileType = folder.assetcatalog; path = Assets.xcassets; sourceTree = "<group>"; };
		162186032378FCA4002BAC3C /* Base */ = {isa = PBXFileReference; lastKnownFileType = file.storyboard; name = Base; path = Base.lproj/LaunchScreen.storyboard; sourceTree = "<group>"; };
		162186052378FCA4002BAC3C /* Info.plist */ = {isa = PBXFileReference; lastKnownFileType = text.plist.xml; path = Info.plist; sourceTree = "<group>"; };
		16F636F7237903E800C3347C /* DataViewController.swift */ = {isa = PBXFileReference; lastKnownFileType = sourcecode.swift; path = DataViewController.swift; sourceTree = "<group>"; };
		16F636F92379070F00C3347C /* PageViewController.swift */ = {isa = PBXFileReference; lastKnownFileType = sourcecode.swift; path = PageViewController.swift; sourceTree = "<group>"; };
/* End PBXFileReference section */

/* Begin PBXFrameworksBuildPhase section */
		162185F12378FCA3002BAC3C /* Frameworks */ = {
			isa = PBXFrameworksBuildPhase;
			buildActionMask = 2147483647;
			files = (
			);
			runOnlyForDeploymentPostprocessing = 0;
		};
/* End PBXFrameworksBuildPhase section */

/* Begin PBXGroup section */
		162185EB2378FCA3002BAC3C = {
			isa = PBXGroup;
			children = (
				162185F62378FCA3002BAC3C /* paging */,
				162185F52378FCA3002BAC3C /* Products */,
			);
			sourceTree = "<group>";
		};
		162185F52378FCA3002BAC3C /* Products */ = {
			isa = PBXGroup;
			children = (
				162185F42378FCA3002BAC3C /* paging.app */,
			);
			name = Products;
			sourceTree = "<group>";
		};
		162185F62378FCA3002BAC3C /* paging */ = {
			isa = PBXGroup;
			children = (
				162186052378FCA4002BAC3C /* Info.plist */,
				162185F72378FCA3002BAC3C /* AppDelegate.swift */,
				16F636F7237903E800C3347C /* DataViewController.swift */,
				16F636F92379070F00C3347C /* PageViewController.swift */,
				162185F92378FCA3002BAC3C /* SceneDelegate.swift */,
				162185FB2378FCA3002BAC3C /* ViewController.swift */,
				162186002378FCA4002BAC3C /* Assets.xcassets */,
				162186022378FCA4002BAC3C /* LaunchScreen.storyboard */,
				162185FD2378FCA3002BAC3C /* Main.storyboard */,
			);
			path = paging;
			sourceTree = "<group>";
		};
/* End PBXGroup section */

/* Begin PBXNativeTarget section */
		162185F32378FCA3002BAC3C /* paging */ = {
			isa = PBXNativeTarget;
			buildConfigurationList = 162186082378FCA4002BAC3C /* Build configuration list for PBXNativeTarget "paging" */;
			buildPhases = (
				162185F02378FCA3002BAC3C /* Sources */,
				162185F12378FCA3002BAC3C /* Frameworks */,
				162185F22378FCA3002BAC3C /* Resources */,
			);
			buildRules = (
			);
			dependencies = (
			);
			name = paging;
			productName = paging;
			productReference = 162185F42378FCA3002BAC3C /* paging.app */;
			productType = "com.apple.product-type.application";
		};
/* End PBXNativeTarget section */

/* Begin PBXProject section */
		162185EC2378FCA3002BAC3C /* Project object */ = {
			isa = PBXProject;
			attributes = {
				LastSwiftUpdateCheck = 1120;
				LastUpgradeCheck = 1120;
				ORGANIZATIONNAME = "Wasith Theerapattrathamrong";
				TargetAttributes = {
					162185F32378FCA3002BAC3C = {
						CreatedOnToolsVersion = 11.2;
					};
				};
			};
			buildConfigurationList = 162185EF2378FCA3002BAC3C /* Build configuration list for PBXProject "paging" */;
			compatibilityVersion = "Xcode 9.3";
			developmentRegion = en;
			hasScannedForEncodings = 0;
			knownRegions = (
				en,
				Base,
			);
			mainGroup = 162185EB2378FCA3002BAC3C;
			productRefGroup = 162185F52378FCA3002BAC3C /* Products */;
			projectDirPath = "";
			projectRoot = "";
			targets = (
				162185F32378FCA3002BAC3C /* paging */,
			);
		};
/* End PBXProject section */

/* Begin PBXResourcesBuildPhase section */
		162185F22378FCA3002BAC3C /* Resources */ = {
			isa = PBXResourcesBuildPhase;
			buildActionMask = 2147483647;
			files = (
				162186042378FCA4002BAC3C /* LaunchScreen.storyboard in Resources */,
				162186012378FCA4002BAC3C /* Assets.xcassets in Resources */,
				162185FF2378FCA3002BAC3C /* Main.storyboard in Resources */,
			);
			runOnlyForDeploymentPostprocessing = 0;
		};
/* End PBXResourcesBuildPhase section */

/* Begin PBXSourcesBuildPhase section */
		162185F02378FCA3002BAC3C /* Sources */ = {
			isa = PBXSourcesBuildPhase;
			buildActionMask = 2147483647;
			files = (
				16F636F8237903E800C3347C /* DataViewController.swift in Sources */,
				16F636FA2379070F00C3347C /* PageViewController.swift in Sources */,
				162185FC2378FCA3002BAC3C /* ViewController.swift in Sources */,
				162185F82378FCA3002BAC3C /* AppDelegate.swift in Sources */,
				162185FA2378FCA3002BAC3C /* SceneDelegate.swift in Sources */,
			);
			runOnlyForDeploymentPostprocessing = 0;
		};
/* End PBXSourcesBuildPhase section */

/* Begin PBXVariantGroup section */
		162185FD2378FCA3002BAC3C /* Main.storyboard */ = {
			isa = PBXVariantGroup;
			children = (
				162185FE2378FCA3002BAC3C /* Base */,
			);
			name = Main.storyboard;
			sourceTree = "<group>";
		};
		162186022378FCA4002BAC3C /* LaunchScreen.storyboard */ = {
			isa = PBXVariantGroup;
			children = (
				162186032378FCA4002BAC3C /* Base */,
			);
			name = LaunchScreen.storyboard;
			sourceTree = "<group>";
		};
/* End PBXVariantGroup section */

/* Begin XCBuildConfiguration section */
		162186062378FCA4002BAC3C /* Debug */ = {
			isa = XCBuildConfiguration;
			buildSettings = {
				ALWAYS_SEARCH_USER_PATHS = NO;
				CLANG_ANALYZER_NONNULL = YES;
				CLANG_ANALYZER_NUMBER_OBJECT_CONVERSION = YES_AGGRESSIVE;
				CLANG_CXX_LANGUAGE_STANDARD = "gnu++14";
				CLANG_CXX_LIBRARY = "libc++";
				CLANG_ENABLE_MODULES = YES;
				CLANG_ENABLE_OBJC_ARC = YES;
				CLANG_ENABLE_OBJC_WEAK = YES;
				CLANG_WARN_BLOCK_CAPTURE_AUTORELEASING = YES;
				CLANG_WARN_BOOL_CONVERSION = YES;
				CLANG_WARN_COMMA = YES;
				CLANG_WARN_CONSTANT_CONVERSION = YES;
				CLANG_WARN_DEPRECATED_OBJC_IMPLEMENTATIONS = YES;
				CLANG_WARN_DIRECT_OBJC_ISA_USAGE = YES_ERROR;
				CLANG_WARN_DOCUMENTATION_COMMENTS = YES;
				CLANG_WARN_EMPTY_BODY = YES;
				CLANG_WARN_ENUM_CONVERSION = YES;
				CLANG_WARN_INFINITE_RECURSION = YES;
				CLANG_WARN_INT_CONVERSION = YES;
				CLANG_WARN_NON_LITERAL_NULL_CONVERSION = YES;
				CLANG_WARN_OBJC_IMPLICIT_RETAIN_SELF = YES;
				CLANG_WARN_OBJC_LITERAL_CONVERSION = YES;
				CLANG_WARN_OBJC_ROOT_CLASS = YES_ERROR;
				CLANG_WARN_RANGE_LOOP_ANALYSIS = YES;
				CLANG_WARN_STRICT_PROTOTYPES = YES;
				CLANG_WARN_SUSPICIOUS_MOVE = YES;
				CLANG_WARN_UNGUARDED_AVAILABILITY = YES_AGGRESSIVE;
				CLANG_WARN_UNREACHABLE_CODE = YES;
				CLANG_WARN__DUPLICATE_METHOD_MATCH = YES;
				COPY_PHASE_STRIP = NO;
				DEBUG_INFORMATION_FORMAT = dwarf;
				ENABLE_STRICT_OBJC_MSGSEND = YES;
				ENABLE_TESTABILITY = YES;
				GCC_C_LANGUAGE_STANDARD = gnu11;
				GCC_DYNAMIC_NO_PIC = NO;
				GCC_NO_COMMON_BLOCKS = YES;
				GCC_OPTIMIZATION_LEVEL = 0;
				GCC_PREPROCESSOR_DEFINITIONS = (
					"DEBUG=1",
					"$(inherited)",
				);
				GCC_WARN_64_TO_32_BIT_CONVERSION = YES;
				GCC_WARN_ABOUT_RETURN_TYPE = YES_ERROR;
				GCC_WARN_UNDECLARED_SELECTOR = YES;
				GCC_WARN_UNINITIALIZED_AUTOS = YES_AGGRESSIVE;
				GCC_WARN_UNUSED_FUNCTION = YES;
				GCC_WARN_UNUSED_VARIABLE = YES;
				IPHONEOS_DEPLOYMENT_TARGET = 13.2;
				MTL_ENABLE_DEBUG_INFO = INCLUDE_SOURCE;
				MTL_FAST_MATH = YES;
				ONLY_ACTIVE_ARCH = YES;
				SDKROOT = iphoneos;
				SWIFT_ACTIVE_COMPILATION_CONDITIONS = DEBUG;
				SWIFT_OPTIMIZATION_LEVEL = "-Onone";
			};
			name = Debug;
		};
		162186072378FCA4002BAC3C /* Release */ = {
			isa = XCBuildConfiguration;
			buildSettings = {
				ALWAYS_SEARCH_USER_PATHS = NO;
				CLANG_ANALYZER_NONNULL = YES;
				CLANG_ANALYZER_NUMBER_OBJECT_CONVERSION = YES_AGGRESSIVE;
				CLANG_CXX_LANGUAGE_STANDARD = "gnu++14";
				CLANG_CXX_LIBRARY = "libc++";
				CLANG_ENABLE_MODULES = YES;
				CLANG_ENABLE_OBJC_ARC = YES;
				CLANG_ENABLE_OBJC_WEAK = YES;
				CLANG_WARN_BLOCK_CAPTURE_AUTORELEASING = YES;
				CLANG_WARN_BOOL_CONVERSION = YES;
				CLANG_WARN_COMMA = YES;
				CLANG_WARN_CONSTANT_CONVERSION = YES;
				CLANG_WARN_DEPRECATED_OBJC_IMPLEMENTATIONS = YES;
				CLANG_WARN_DIRECT_OBJC_ISA_USAGE = YES_ERROR;
				CLANG_WARN_DOCUMENTATION_COMMENTS = YES;
				CLANG_WARN_EMPTY_BODY = YES;
				CLANG_WARN_ENUM_CONVERSION = YES;
				CLANG_WARN_INFINITE_RECURSION = YES;
				CLANG_WARN_INT_CONVERSION = YES;
				CLANG_WARN_NON_LITERAL_NULL_CONVERSION = YES;
				CLANG_WARN_OBJC_IMPLICIT_RETAIN_SELF = YES;
				CLANG_WARN_OBJC_LITERAL_CONVERSION = YES;
				CLANG_WARN_OBJC_ROOT_CLASS = YES_ERROR;
				CLANG_WARN_RANGE_LOOP_ANALYSIS = YES;
				CLANG_WARN_STRICT_PROTOTYPES = YES;
				CLANG_WARN_SUSPICIOUS_MOVE = YES;
				CLANG_WARN_UNGUARDED_AVAILABILITY = YES_AGGRESSIVE;
				CLANG_WARN_UNREACHABLE_CODE = YES;
				CLANG_WARN__DUPLICATE_METHOD_MATCH = YES;
				COPY_PHASE_STRIP = NO;
				DEBUG_INFORMATION_FORMAT = "dwarf-with-dsym";
				ENABLE_NS_ASSERTIONS = NO;
				ENABLE_STRICT_OBJC_MSGSEND = YES;
				GCC_C_LANGUAGE_STANDARD = gnu11;
				GCC_NO_COMMON_BLOCKS = YES;
				GCC_WARN_64_TO_32_BIT_CONVERSION = YES;
				GCC_WARN_ABOUT_RETURN_TYPE = YES_ERROR;
				GCC_WARN_UNDECLARED_SELECTOR = YES;
				GCC_WARN_UNINITIALIZED_AUTOS = YES_AGGRESSIVE;
				GCC_WARN_UNUSED_FUNCTION = YES;
				GCC_WARN_UNUSED_VARIABLE = YES;
				IPHONEOS_DEPLOYMENT_TARGET = 13.2;
				MTL_ENABLE_DEBUG_INFO = NO;
				MTL_FAST_MATH = YES;
				SDKROOT = iphoneos;
				SWIFT_COMPILATION_MODE = wholemodule;
				SWIFT_OPTIMIZATION_LEVEL = "-O";
				VALIDATE_PRODUCT = YES;
			};
			name = Release;
		};
		162186092378FCA4002BAC3C /* Debug */ = {
			isa = XCBuildConfiguration;
			buildSettings = {
				ASSETCATALOG_COMPILER_APPICON_NAME = AppIcon;
				CODE_SIGN_STYLE = Automatic;
				INFOPLIST_FILE = paging/Info.plist;
				LD_RUNPATH_SEARCH_PATHS = (
					"$(inherited)",
					"@executable_path/Frameworks",
				);
				PRODUCT_BUNDLE_IDENTIFIER = com.github.ph9.paging;
				PRODUCT_NAME = "$(TARGET_NAME)";
				SWIFT_VERSION = 5.0;
				TARGETED_DEVICE_FAMILY = "1,2";
			};
			name = Debug;
		};
		1621860A2378FCA4002BAC3C /* Release */ = {
			isa = XCBuildConfiguration;
			buildSettings = {
				ASSETCATALOG_COMPILER_APPICON_NAME = AppIcon;
				CODE_SIGN_STYLE = Automatic;
				INFOPLIST_FILE = paging/Info.plist;
				LD_RUNPATH_SEARCH_PATHS = (
					"$(inherited)",
					"@executable_path/Frameworks",
				);
				PRODUCT_BUNDLE_IDENTIFIER = com.github.ph9.paging;
				PRODUCT_NAME = "$(TARGET_NAME)";
				SWIFT_VERSION = 5.0;
				TARGETED_DEVICE_FAMILY = "1,2";
			};
			name = Release;
		};
/* End XCBuildConfiguration section */

/* Begin XCConfigurationList section */
		162185EF2378FCA3002BAC3C /* Build configuration list for PBXProject "paging" */ = {
			isa = XCConfigurationList;
			buildConfigurations = (
				162186062378FCA4002BAC3C /* Debug */,
				162186072378FCA4002BAC3C /* Release */,
			);
			defaultConfigurationIsVisible = 0;
			defaultConfigurationName = Release;
		};
		162186082378FCA4002BAC3C /* Build configuration list for PBXNativeTarget "paging" */ = {
			isa = XCConfigurationList;
			buildConfigurations = (
				162186092378FCA4002BAC3C /* Debug */,
				1621860A2378FCA4002BAC3C /* Release */,
			);
			defaultConfigurationIsVisible = 0;
			defaultConfigurationName = Release;
		};
/* End XCConfigurationList section */
	};
	rootObject = 162185EC2378FCA3002BAC3C /* Project object */;
}
